# THIS IS AN AUTOGENERATED FILE. DO NOT EDIT THIS FILE DIRECTLY.
# yarn lockfile v1


"@babel/runtime@^7.9.2":
  version "7.16.3"
  resolved "https://registry.npmmirror.com/@babel/runtime/download/@babel/runtime-7.16.3.tgz#b86f0db02a04187a3c17caa77de69840165d42d5"
  integrity sha512-WBwekcqacdY2e9AF/Q7WLFUWmdJGJTkbjqTjoMDgXkVZ3ZRUvOPsLb5KdwISoQVsbP+DQzVZW4Zhci0DvpbNTQ==
  dependencies:
    regenerator-runtime "^0.13.4"

redux@^4.1.2:
  version "4.1.2"
  resolved "https://registry.npmmirror.com/redux/download/redux-4.1.2.tgz?cache=0&sync_timestamp=1635663041213&other_urls=https%3A%2F%2Fregistry.npmmirror.com%2Fredux%2Fdownload%2Fredux-4.1.2.tgz#140f35426d99bb4729af760afcf79eaaac407104"
  integrity sha1-FA81Qm2Zu0cpr3YK/PeeqqxAcQQ=
  dependencies:
    "@babel/runtime" "^7.9.2"

regenerator-runtime@^0.13.4:
  version "0.13.9"
  resolved "https://registry.nlark.com/regenerator-runtime/download/regenerator-runtime-0.13.9.tgz#8925742a98ffd90814988d7566ad30ca3b263b52"
  integrity sha1-iSV0Kpj/2QgUmI11Zq0wyjsmO1I=
